
Microsoft Visual Studio Solution File, Format Version 12.00
# Visual Studio Version 17
VisualStudioVersion = 17.2.32422.2
MinimumVisualStudioVersion = 10.0.40219.1
Project("{FAE04EC0-301F-11D3-BF4B-00C04F79EFBC}") = "PdfViewerThumbnail.UWP", "PdfViewerThumbnail.UWP\PdfViewerThumbnail.UWP.csproj", "{BF5E7E28-9B71-4F1E-A978-2697668AFC36}"
EndProject
Project("{FAE04EC0-301F-11D3-BF4B-00C04F79EFBC}") = "PdfViewerThumbnail.Android", "PdfViewerThumbnail.Android\PdfViewerThumbnail.Android.csproj", "{5C9FFB3B-FCB5-42DE-9827-308F9B10323E}"
EndProject
Project("{FAE04EC0-301F-11D3-BF4B-00C04F79EFBC}") = "PdfViewerThumbnail.iOS", "PdfViewerThumbnail.iOS\PdfViewerThumbnail.iOS.csproj", "{B3C32262-0336-4A51-90B2-BAD92A7BCCDA}"
EndProject
Project("{9A19103F-16F7-4668-BE54-9A1E7A4F7556}") = "PdfViewerThumbnail", "PdfViewerThumbnail\PdfViewerThumbnail.csproj", "{93D74643-69E2-4464-BFA2-EF1BC55AC1A5}"
EndProject
Global
	GlobalSection(SolutionConfigurationPlatforms) = preSolution
		Debug|Any CPU = Debug|Any CPU
		Debug|ARM = Debug|ARM
		Debug|iPhone = Debug|iPhone
		Debug|iPhoneSimulator = Debug|iPhoneSimulator
		Debug|x64 = Debug|x64
		Debug|x86 = Debug|x86
		Release|Any CPU = Release|Any CPU
		Release|ARM = Release|ARM
		Release|iPhone = Release|iPhone
		Release|iPhoneSimulator = Release|iPhoneSimulator
		Release|x64 = Release|x64
		Release|x86 = Release|x86
	EndGlobalSection
	GlobalSection(ProjectConfigurationPlatforms) = postSolution
		{BF5E7E28-9B71-4F1E-A978-2697668AFC36}.Debug|Any CPU.ActiveCfg = Debug|x86
		{BF5E7E28-9B71-4F1E-A978-2697668AFC36}.Debug|Any CPU.Build.0 = Debug|x86
		{BF5E7E28-9B71-4F1E-A978-2697668AFC36}.Debug|Any CPU.Deploy.0 = Debug|x86
		{BF5E7E28-9B71-4F1E-A978-2697668AFC36}.Debug|ARM.ActiveCfg = Debug|ARM
		{BF5E7E28-9B71-4F1E-A978-2697668AFC36}.Debug|ARM.Build.0 = Debug|ARM
		{BF5E7E28-9B71-4F1E-A978-2697668AFC36}.Debug|ARM.Deploy.0 = Debug|ARM
		{BF5E7E28-9B71-4F1E-A978-2697668AFC36}.Debug|iPhone.ActiveCfg = Debug|x86
		{BF5E7E28-9B71-4F1E-A978-2697668AFC36}.Debug|iPhone.Build.0 = Debug|x86
		{BF5E7E28-9B71-4F1E-A978-2697668AFC36}.Debug|iPhone.Deploy.0 = Debug|x86
		{BF5E7E28-9B71-4F1E-A978-2697668AFC36}.Debug|iPhoneSimulator.ActiveCfg = Debug|x86
		{BF5E7E28-9B71-4F1E-A978-2697668AFC36}.Debug|iPhoneSimulator.Build.0 = Debug|x86
		{BF5E7E28-9B71-4F1E-A978-2697668AFC36}.Debug|iPhoneSimulator.Deploy.0 = Debug|x86
		{BF5E7E28-9B71-4F1E-A978-2697668AFC36}.Debug|x64.ActiveCfg = Debug|x64
		{BF5E7E28-9B71-4F1E-A978-2697668AFC36}.Debug|x64.Build.0 = Debug|x64
		{BF5E7E28-9B71-4F1E-A978-2697668AFC36}.Debug|x64.Deploy.0 = Debug|x64
		{BF5E7E28-9B71-4F1E-A978-2697668AFC36}.Debug|x86.ActiveCfg = Debug|x86
		{BF5E7E28-9B71-4F1E-A978-2697668AFC36}.Debug|x86.Build.0 = Debug|x86
		{BF5E7E28-9B71-4F1E-A978-2697668AFC36}.Debug|x86.Deploy.0 = Debug|x86
		{BF5E7E28-9B71-4F1E-A978-2697668AFC36}.Release|Any CPU.ActiveCfg = Release|x86
		{BF5E7E28-9B71-4F1E-A978-2697668AFC36}.Release|Any CPU.Build.0 = Release|x86
		{BF5E7E28-9B71-4F1E-A978-2697668AFC36}.Release|Any CPU.Deploy.0 = Release|x86
		{BF5E7E28-9B71-4F1E-A978-2697668AFC36}.Release|ARM.ActiveCfg = Release|ARM
		{BF5E7E28-9B71-4F1E-A978-2697668AFC36}.Release|ARM.Build.0 = Release|ARM
		{BF5E7E28-9B71-4F1E-A978-2697668AFC36}.Release|ARM.Deploy.0 = Release|ARM
		{BF5E7E28-9B71-4F1E-A978-2697668AFC36}.Release|iPhone.ActiveCfg = Release|x86
		{BF5E7E28-9B71-4F1E-A978-2697668AFC36}.Release|iPhone.Build.0 = Release|x86
		{BF5E7E28-9B71-4F1E-A978-2697668AFC36}.Release|iPhone.Deploy.0 = Release|x86
		{BF5E7E28-9B71-4F1E-A978-2697668AFC36}.Release|iPhoneSimulator.ActiveCfg = Release|x86
		{BF5E7E28-9B71-4F1E-A978-2697668AFC36}.Release|iPhoneSimulator.Build.0 = Release|x86
		{BF5E7E28-9B71-4F1E-A978-2697668AFC36}.Release|iPhoneSimulator.Deploy.0 = Release|x86
		{BF5E7E28-9B71-4F1E-A978-2697668AFC36}.Release|x64.ActiveCfg = Release|x64
		{BF5E7E28-9B71-4F1E-A978-2697668AFC36}.Release|x64.Build.0 = Release|x64
		{BF5E7E28-9B71-4F1E-A978-2697668AFC36}.Release|x64.Deploy.0 = Release|x64
		{BF5E7E28-9B71-4F1E-A978-2697668AFC36}.Release|x86.ActiveCfg = Release|x86
		{BF5E7E28-9B71-4F1E-A978-2697668AFC36}.Release|x86.Build.0 = Release|x86
		{BF5E7E28-9B71-4F1E-A978-2697668AFC36}.Release|x86.Deploy.0 = Release|x86
		{5C9FFB3B-FCB5-42DE-9827-308F9B10323E}.Debug|Any CPU.ActiveCfg = Debug|Any CPU
		{5C9FFB3B-FCB5-42DE-9827-308F9B10323E}.Debug|Any CPU.Build.0 = Debug|Any CPU
		{5C9FFB3B-FCB5-42DE-9827-308F9B10323E}.Debug|Any CPU.Deploy.0 = Debug|Any CPU
		{5C9FFB3B-FCB5-42DE-9827-308F9B10323E}.Debug|ARM.ActiveCfg = Debug|Any CPU
		{5C9FFB3B-FCB5-42DE-9827-308F9B10323E}.Debug|ARM.Build.0 = Debug|Any CPU
		{5C9FFB3B-FCB5-42DE-9827-308F9B10323E}.Debug|ARM.Deploy.0 = Debug|Any CPU
		{5C9FFB3B-FCB5-42DE-9827-308F9B10323E}.Debug|iPhone.ActiveCfg = Debug|Any CPU
		{5C9FFB3B-FCB5-42DE-9827-308F9B10323E}.Debug|iPhone.Build.0 = Debug|Any CPU
		{5C9FFB3B-FCB5-42DE-9827-308F9B10323E}.Debug|iPhone.Deploy.0 = Debug|Any CPU
		{5C9FFB3B-FCB5-42DE-9827-308F9B10323E}.Debug|iPhoneSimulator.ActiveCfg = Debug|Any CPU
		{5C9FFB3B-FCB5-42DE-9827-308F9B10323E}.Debug|iPhoneSimulator.Build.0 = Debug|Any CPU
		{5C9FFB3B-FCB5-42DE-9827-308F9B10323E}.Debug|iPhoneSimulator.Deploy.0 = Debug|Any CPU
		{5C9FFB3B-FCB5-42DE-9827-308F9B10323E}.Debug|x64.ActiveCfg = Debug|Any CPU
		{5C9FFB3B-FCB5-42DE-9827-308F9B10323E}.Debug|x64.Build.0 = Debug|Any CPU
		{5C9FFB3B-FCB5-42DE-9827-308F9B10323E}.Debug|x64.Deploy.0 = Debug|Any CPU
		{5C9FFB3B-FCB5-42DE-9827-308F9B10323E}.Debug|x86.ActiveCfg = Debug|Any CPU
		{5C9FFB3B-FCB5-42DE-9827-308F9B10323E}.Debug|x86.Build.0 = Debug|Any CPU
		{5C9FFB3B-FCB5-42DE-9827-308F9B10323E}.Debug|x86.Deploy.0 = Debug|Any CPU
		{5C9FFB3B-FCB5-42DE-9827-308F9B10323E}.Release|Any CPU.ActiveCfg = Release|Any CPU
		{5C9FFB3B-FCB5-42DE-9827-308F9B10323E}.Release|Any CPU.Build.0 = Release|Any CPU
		{5C9FFB3B-FCB5-42DE-9827-308F9B10323E}.Release|Any CPU.Deploy.0 = Release|Any CPU
		{5C9FFB3B-FCB5-42DE-9827-308F9B10323E}.Release|ARM.ActiveCfg = Release|Any CPU
		{5C9FFB3B-FCB5-42DE-9827-308F9B10323E}.Release|ARM.Build.0 = Release|Any CPU
		{5C9FFB3B-FCB5-42DE-9827-308F9B10323E}.Release|ARM.Deploy.0 = Release|Any CPU
		{5C9FFB3B-FCB5-42DE-9827-308F9B10323E}.Release|iPhone.ActiveCfg = Release|Any CPU
		{5C9FFB3B-FCB5-42DE-9827-308F9B10323E}.Release|iPhone.Build.0 = Release|Any CPU
		{5C9FFB3B-FCB5-42DE-9827-308F9B10323E}.Release|iPhone.Deploy.0 = Release|Any CPU
		{5C9FFB3B-FCB5-42DE-9827-308F9B10323E}.Release|iPhoneSimulator.ActiveCfg = Release|Any CPU
		{5C9FFB3B-FCB5-42DE-9827-308F9B10323E}.Release|iPhoneSimulator.Build.0 = Release|Any CPU
		{5C9FFB3B-FCB5-42DE-9827-308F9B10323E}.Release|iPhoneSimulator.Deploy.0 = Release|Any CPU
		{5C9FFB3B-FCB5-42DE-9827-308F9B10323E}.Release|x64.ActiveCfg = Release|Any CPU
		{5C9FFB3B-FCB5-42DE-9827-308F9B10323E}.Release|x64.Build.0 = Release|Any CPU
		{5C9FFB3B-FCB5-42DE-9827-308F9B10323E}.Release|x64.Deploy.0 = Release|Any CPU
		{5C9FFB3B-FCB5-42DE-9827-308F9B10323E}.Release|x86.ActiveCfg = Release|Any CPU
		{5C9FFB3B-FCB5-42DE-9827-308F9B10323E}.Release|x86.Build.0 = Release|Any CPU
		{5C9FFB3B-FCB5-42DE-9827-308F9B10323E}.Release|x86.Deploy.0 = Release|Any CPU
		{B3C32262-0336-4A51-90B2-BAD92A7BCCDA}.Debug|Any CPU.ActiveCfg = Debug|iPhoneSimulator
		{B3C32262-0336-4A51-90B2-BAD92A7BCCDA}.Debug|Any CPU.Build.0 = Debug|iPhoneSimulator
		{B3C32262-0336-4A51-90B2-BAD92A7BCCDA}.Debug|Any CPU.Deploy.0 = Debug|iPhoneSimulator
		{B3C32262-0336-4A51-90B2-BAD92A7BCCDA}.Debug|ARM.ActiveCfg = Debug|iPhone
		{B3C32262-0336-4A51-90B2-BAD92A7BCCDA}.Debug|ARM.Build.0 = Debug|iPhone
		{B3C32262-0336-4A51-90B2-BAD92A7BCCDA}.Debug|ARM.Deploy.0 = Debug|iPhone
		{B3C32262-0336-4A51-90B2-BAD92A7BCCDA}.Debug|iPhone.ActiveCfg = Debug|iPhone
		{B3C32262-0336-4A51-90B2-BAD92A7BCCDA}.Debug|iPhone.Build.0 = Debug|iPhone
		{B3C32262-0336-4A51-90B2-BAD92A7BCCDA}.Debug|iPhone.Deploy.0 = Debug|iPhone
		{B3C32262-0336-4A51-90B2-BAD92A7BCCDA}.Debug|iPhoneSimulator.ActiveCfg = Debug|iPhoneSimulator
		{B3C32262-0336-4A51-90B2-BAD92A7BCCDA}.Debug|iPhoneSimulator.Build.0 = Debug|iPhoneSimulator
		{B3C32262-0336-4A51-90B2-BAD92A7BCCDA}.Debug|iPhoneSimulator.Deploy.0 = Debug|iPhoneSimulator
		{B3C32262-0336-4A51-90B2-BAD92A7BCCDA}.Debug|x64.ActiveCfg = Debug|iPhoneSimulator
		{B3C32262-0336-4A51-90B2-BAD92A7BCCDA}.Debug|x64.Build.0 = Debug|iPhoneSimulator
		{B3C32262-0336-4A51-90B2-BAD92A7BCCDA}.Debug|x64.Deploy.0 = Debug|iPhoneSimulator
		{B3C32262-0336-4A51-90B2-BAD92A7BCCDA}.Debug|x86.ActiveCfg = Debug|iPhoneSimulator
		{B3C32262-0336-4A51-90B2-BAD92A7BCCDA}.Debug|x86.Build.0 = Debug|iPhoneSimulator
		{B3C32262-0336-4A51-90B2-BAD92A7BCCDA}.Debug|x86.Deploy.0 = Debug|iPhoneSimulator
		{B3C32262-0336-4A51-90B2-BAD92A7BCCDA}.Release|Any CPU.ActiveCfg = Release|iPhoneSimulator
		{B3C32262-0336-4A51-90B2-BAD92A7BCCDA}.Release|Any CPU.Build.0 = Release|iPhoneSimulator
		{B3C32262-0336-4A51-90B2-BAD92A7BCCDA}.Release|Any CPU.Deploy.0 = Release|iPhoneSimulator
		{B3C32262-0336-4A51-90B2-BAD92A7BCCDA}.Release|ARM.ActiveCfg = Release|iPhoneSimulator
		{B3C32262-0336-4A51-90B2-BAD92A7BCCDA}.Release|ARM.Build.0 = Release|iPhoneSimulator
		{B3C32262-0336-4A51-90B2-BAD92A7BCCDA}.Release|ARM.Deploy.0 = Release|iPhoneSimulator
		{B3C32262-0336-4A51-90B2-BAD92A7BCCDA}.Release|iPhone.ActiveCfg = Release|iPhone
		{B3C32262-0336-4A51-90B2-BAD92A7BCCDA}.Release|iPhone.Build.0 = Release|iPhone
		{B3C32262-0336-4A51-90B2-BAD92A7BCCDA}.Release|iPhone.Deploy.0 = Release|iPhone
		{B3C32262-0336-4A51-90B2-BAD92A7BCCDA}.Release|iPhoneSimulator.ActiveCfg = Release|iPhoneSimulator
		{B3C32262-0336-4A51-90B2-BAD92A7BCCDA}.Release|iPhoneSimulator.Build.0 = Release|iPhoneSimulator
		{B3C32262-0336-4A51-90B2-BAD92A7BCCDA}.Release|iPhoneSimulator.Deploy.0 = Release|iPhoneSimulator
		{B3C32262-0336-4A51-90B2-BAD92A7BCCDA}.Release|x64.ActiveCfg = Release|iPhoneSimulator
		{B3C32262-0336-4A51-90B2-BAD92A7BCCDA}.Release|x64.Build.0 = Release|iPhoneSimulator
		{B3C32262-0336-4A51-90B2-BAD92A7BCCDA}.Release|x64.Deploy.0 = Release|iPhoneSimulator
		{B3C32262-0336-4A51-90B2-BAD92A7BCCDA}.Release|x86.ActiveCfg = Release|iPhoneSimulator
		{B3C32262-0336-4A51-90B2-BAD92A7BCCDA}.Release|x86.Build.0 = Release|iPhoneSimulator
		{B3C32262-0336-4A51-90B2-BAD92A7BCCDA}.Release|x86.Deploy.0 = Release|iPhoneSimulator
		{93D74643-69E2-4464-BFA2-EF1BC55AC1A5}.Debug|Any CPU.ActiveCfg = Debug|Any CPU
		{93D74643-69E2-4464-BFA2-EF1BC55AC1A5}.Debug|Any CPU.Build.0 = Debug|Any CPU
		{93D74643-69E2-4464-BFA2-EF1BC55AC1A5}.Debug|Any CPU.Deploy.0 = Debug|Any CPU
		{93D74643-69E2-4464-BFA2-EF1BC55AC1A5}.Debug|ARM.ActiveCfg = Debug|Any CPU
		{93D74643-69E2-4464-BFA2-EF1BC55AC1A5}.Debug|ARM.Build.0 = Debug|Any CPU
		{93D74643-69E2-4464-BFA2-EF1BC55AC1A5}.Debug|ARM.Deploy.0 = Debug|Any CPU
		{93D74643-69E2-4464-BFA2-EF1BC55AC1A5}.Debug|iPhone.ActiveCfg = Debug|Any CPU
		{93D74643-69E2-4464-BFA2-EF1BC55AC1A5}.Debug|iPhone.Build.0 = Debug|Any CPU
		{93D74643-69E2-4464-BFA2-EF1BC55AC1A5}.Debug|iPhone.Deploy.0 = Debug|Any CPU
		{93D74643-69E2-4464-BFA2-EF1BC55AC1A5}.Debug|iPhoneSimulator.ActiveCfg = Debug|Any CPU
		{93D74643-69E2-4464-BFA2-EF1BC55AC1A5}.Debug|iPhoneSimulator.Build.0 = Debug|Any CPU
		{93D74643-69E2-4464-BFA2-EF1BC55AC1A5}.Debug|iPhoneSimulator.Deploy.0 = Debug|Any CPU
		{93D74643-69E2-4464-BFA2-EF1BC55AC1A5}.Debug|x64.ActiveCfg = Debug|Any CPU
		{93D74643-69E2-4464-BFA2-EF1BC55AC1A5}.Debug|x64.Build.0 = Debug|Any CPU
		{93D74643-69E2-4464-BFA2-EF1BC55AC1A5}.Debug|x64.Deploy.0 = Debug|Any CPU
		{93D74643-69E2-4464-BFA2-EF1BC55AC1A5}.Debug|x86.ActiveCfg = Debug|Any CPU
		{93D74643-69E2-4464-BFA2-EF1BC55AC1A5}.Debug|x86.Build.0 = Debug|Any CPU
		{93D74643-69E2-4464-BFA2-EF1BC55AC1A5}.Debug|x86.Deploy.0 = Debug|Any CPU
		{93D74643-69E2-4464-BFA2-EF1BC55AC1A5}.Release|Any CPU.ActiveCfg = Release|Any CPU
		{93D74643-69E2-4464-BFA2-EF1BC55AC1A5}.Release|Any CPU.Build.0 = Release|Any CPU
		{93D74643-69E2-4464-BFA2-EF1BC55AC1A5}.Release|Any CPU.Deploy.0 = Release|Any CPU
		{93D74643-69E2-4464-BFA2-EF1BC55AC1A5}.Release|ARM.ActiveCfg = Release|Any CPU
		{93D74643-69E2-4464-BFA2-EF1BC55AC1A5}.Release|ARM.Build.0 = Release|Any CPU
		{93D74643-69E2-4464-BFA2-EF1BC55AC1A5}.Release|ARM.Deploy.0 = Release|Any CPU
		{93D74643-69E2-4464-BFA2-EF1BC55AC1A5}.Release|iPhone.ActiveCfg = Release|Any CPU
		{93D74643-69E2-4464-BFA2-EF1BC55AC1A5}.Release|iPhone.Build.0 = Release|Any CPU
		{93D74643-69E2-4464-BFA2-EF1BC55AC1A5}.Release|iPhone.Deploy.0 = Release|Any CPU
		{93D74643-69E2-4464-BFA2-EF1BC55AC1A5}.Release|iPhoneSimulator.ActiveCfg = Release|Any CPU
		{93D74643-69E2-4464-BFA2-EF1BC55AC1A5}.Release|iPhoneSimulator.Build.0 = Release|Any CPU
		{93D74643-69E2-4464-BFA2-EF1BC55AC1A5}.Release|iPhoneSimulator.Deploy.0 = Release|Any CPU
		{93D74643-69E2-4464-BFA2-EF1BC55AC1A5}.Release|x64.ActiveCfg = Release|Any CPU
		{93D74643-69E2-4464-BFA2-EF1BC55AC1A5}.Release|x64.Build.0 = Release|Any CPU
		{93D74643-69E2-4464-BFA2-EF1BC55AC1A5}.Release|x64.Deploy.0 = Release|Any CPU
		{93D74643-69E2-4464-BFA2-EF1BC55AC1A5}.Release|x86.ActiveCfg = Release|Any CPU
		{93D74643-69E2-4464-BFA2-EF1BC55AC1A5}.Release|x86.Build.0 = Release|Any CPU
		{93D74643-69E2-4464-BFA2-EF1BC55AC1A5}.Release|x86.Deploy.0 = Release|Any CPU
	EndGlobalSection
	GlobalSection(SolutionProperties) = preSolution
		HideSolutionNode = FALSE
	EndGlobalSection
	GlobalSection(ExtensibilityGlobals) = postSolution
		SolutionGuid = {95EF9887-E772-4A5A-967F-21720D663BBD}
	EndGlobalSection
EndGlobal
